
Microsoft Visual Studio Solution File, Format Version 12.00
# Visual Studio Version 17
VisualStudioVersion = 17.4.33213.308
MinimumVisualStudioVersion = 10.0.40219.1
Project("{FAE04EC0-301F-11D3-BF4B-00C04F79EFBC}") = "Parallel Task", "Parallel Task\Parallel Task.csproj", "{38410D5E-E409-4F59-9BD6-8F26C71FBD84}"
EndProject
Global
	GlobalSection(SolutionConfigurationPlatforms) = preSolution
		Debug|Any CPU = Debug|Any CPU
		Release|Any CPU = Release|Any CPU
	EndGlobalSection
	GlobalSection(ProjectConfigurationPlatforms) = postSolution
		{38410D5E-E409-4F59-9BD6-8F26C71FBD84}.Debug|Any CPU.ActiveCfg = Debug|Any CPU
		{38410D5E-E409-4F59-9BD6-8F26C71FBD84}.Debug|Any CPU.Build.0 = Debug|Any CPU
		{38410D5E-E409-4F59-9BD6-8F26C71FBD84}.Release|Any CPU.ActiveCfg = Release|Any CPU
		{38410D5E-E409-4F59-9BD6-8F26C71FBD84}.Release|Any CPU.Build.0 = Release|Any CPU
	EndGlobalSection
	GlobalSection(SolutionProperties) = preSolution
		HideSolutionNode = FALSE
	EndGlobalSection
	GlobalSection(ExtensibilityGlobals) = postSolution
		SolutionGuid = {3B8D1663-2EAB-48AB-9B1F-A6354E26FCAF}
	EndGlobalSection
EndGlobal
